
Microsoft Visual Studio Solution File, Format Version 12.00
# Visual Studio 2013
VisualStudioVersion = 12.0.30723.0
MinimumVisualStudioVersion = 10.0.40219.1
Project("{FAE04EC0-301F-11D3-BF4B-00C04F79EFBC}") = "Adbrain.FullStack.UnitTests", "Adbrain.FullStack.UnitTests\Adbrain.FullStack.UnitTests.csproj", "{31A6AF73-F177-42A8-818E-D3705F9C9774}"
EndProject
Project("{2150E333-8FDC-42A3-9474-1A3956D46DE8}") = "5. Unit Tests", "5. Unit Tests", "{B08FE3A2-2FAB-487C-A0FE-CFAFA5D5CCAA}"
EndProject
Project("{2150E333-8FDC-42A3-9474-1A3956D46DE8}") = "3. Business Layer", "3. Business Layer", "{C18C6E2D-49E9-42DB-9FA4-5B249D82D205}"
EndProject
Project("{FAE04EC0-301F-11D3-BF4B-00C04F79EFBC}") = "Adbrain.FullStack.Domain", "Adbrain.FullStack.Domain\Adbrain.FullStack.Domain.csproj", "{1E3F5029-23FA-4563-8603-E2998E5088A5}"
EndProject
Project("{2150E333-8FDC-42A3-9474-1A3956D46DE8}") = "1 Utilities", "1 Utilities", "{A4AA828F-88D8-49E0-8F9C-1994A4A494AF}"
EndProject
Project("{FAE04EC0-301F-11D3-BF4B-00C04F79EFBC}") = "Adbrain.FullStack.Utilities", "Adbrain.FullStack.Utilities\Adbrain.FullStack.Utilities.csproj", "{7D254CEC-2528-4D7B-AB48-050E9BB70844}"
EndProject
Project("{2150E333-8FDC-42A3-9474-1A3956D46DE8}") = "2. Data Layer", "2. Data Layer", "{F40F8EF9-28DC-4C41-9AE3-A2707F982515}"
EndProject
Project("{FAE04EC0-301F-11D3-BF4B-00C04F79EFBC}") = "Adbrain.FullStack.Repository", "Adbrain.FullStack.Repository\Adbrain.FullStack.Repository.csproj", "{D8E697F8-38B1-40C5-9F05-DDB46105EC76}"
EndProject
Global
	GlobalSection(SolutionConfigurationPlatforms) = preSolution
		Debug|Any CPU = Debug|Any CPU
		Release|Any CPU = Release|Any CPU
	EndGlobalSection
	GlobalSection(ProjectConfigurationPlatforms) = postSolution
		{31A6AF73-F177-42A8-818E-D3705F9C9774}.Debug|Any CPU.ActiveCfg = Debug|Any CPU
		{31A6AF73-F177-42A8-818E-D3705F9C9774}.Debug|Any CPU.Build.0 = Debug|Any CPU
		{31A6AF73-F177-42A8-818E-D3705F9C9774}.Release|Any CPU.ActiveCfg = Release|Any CPU
		{31A6AF73-F177-42A8-818E-D3705F9C9774}.Release|Any CPU.Build.0 = Release|Any CPU
		{1E3F5029-23FA-4563-8603-E2998E5088A5}.Debug|Any CPU.ActiveCfg = Debug|Any CPU
		{1E3F5029-23FA-4563-8603-E2998E5088A5}.Debug|Any CPU.Build.0 = Debug|Any CPU
		{1E3F5029-23FA-4563-8603-E2998E5088A5}.Release|Any CPU.ActiveCfg = Release|Any CPU
		{1E3F5029-23FA-4563-8603-E2998E5088A5}.Release|Any CPU.Build.0 = Release|Any CPU
		{7D254CEC-2528-4D7B-AB48-050E9BB70844}.Debug|Any CPU.ActiveCfg = Debug|Any CPU
		{7D254CEC-2528-4D7B-AB48-050E9BB70844}.Debug|Any CPU.Build.0 = Debug|Any CPU
		{7D254CEC-2528-4D7B-AB48-050E9BB70844}.Release|Any CPU.ActiveCfg = Release|Any CPU
		{7D254CEC-2528-4D7B-AB48-050E9BB70844}.Release|Any CPU.Build.0 = Release|Any CPU
		{D8E697F8-38B1-40C5-9F05-DDB46105EC76}.Debug|Any CPU.ActiveCfg = Debug|Any CPU
		{D8E697F8-38B1-40C5-9F05-DDB46105EC76}.Debug|Any CPU.Build.0 = Debug|Any CPU
		{D8E697F8-38B1-40C5-9F05-DDB46105EC76}.Release|Any CPU.ActiveCfg = Release|Any CPU
		{D8E697F8-38B1-40C5-9F05-DDB46105EC76}.Release|Any CPU.Build.0 = Release|Any CPU
	EndGlobalSection
	GlobalSection(SolutionProperties) = preSolution
		HideSolutionNode = FALSE
	EndGlobalSection
	GlobalSection(NestedProjects) = preSolution
		{31A6AF73-F177-42A8-818E-D3705F9C9774} = {B08FE3A2-2FAB-487C-A0FE-CFAFA5D5CCAA}
		{1E3F5029-23FA-4563-8603-E2998E5088A5} = {C18C6E2D-49E9-42DB-9FA4-5B249D82D205}
		{7D254CEC-2528-4D7B-AB48-050E9BB70844} = {A4AA828F-88D8-49E0-8F9C-1994A4A494AF}
		{D8E697F8-38B1-40C5-9F05-DDB46105EC76} = {F40F8EF9-28DC-4C41-9AE3-A2707F982515}
	EndGlobalSection
EndGlobal
